
Microsoft Visual Studio Solution File, Format Version 12.00
# Visual Studio Version 17
VisualStudioVersion = 17.1.32421.90
MinimumVisualStudioVersion = 10.0.40219.1
Project("{9A19103F-16F7-4668-BE54-9A1E7A4F7556}") = "Client.DataStore", "Client.DataStore\Client.DataStore.csproj", "{4D6054B1-3555-461D-B462-CA54E37B81F8}"
EndProject
Project("{FAE04EC0-301F-11D3-BF4B-00C04F79EFBC}") = "PrimeNumber.API", "PrimeNumber.API\PrimeNumber.API.csproj", "{7570089D-9905-4CF0-8F50-A888E33D9E91}"
EndProject
Project("{FAE04EC0-301F-11D3-BF4B-00C04F79EFBC}") = "API.Helpers", "API.Helpers\API.Helpers.csproj", "{70A67BC5-9695-42BA-9E1B-B7B3EF4F44BD}"
EndProject
Global
	GlobalSection(SolutionConfigurationPlatforms) = preSolution
		Debug|Any CPU = Debug|Any CPU
		Release|Any CPU = Release|Any CPU
	EndGlobalSection
	GlobalSection(ProjectConfigurationPlatforms) = postSolution
		{4D6054B1-3555-461D-B462-CA54E37B81F8}.Debug|Any CPU.ActiveCfg = Debug|Any CPU
		{4D6054B1-3555-461D-B462-CA54E37B81F8}.Debug|Any CPU.Build.0 = Debug|Any CPU
		{4D6054B1-3555-461D-B462-CA54E37B81F8}.Release|Any CPU.ActiveCfg = Release|Any CPU
		{4D6054B1-3555-461D-B462-CA54E37B81F8}.Release|Any CPU.Build.0 = Release|Any CPU
		{7570089D-9905-4CF0-8F50-A888E33D9E91}.Debug|Any CPU.ActiveCfg = Debug|Any CPU
		{7570089D-9905-4CF0-8F50-A888E33D9E91}.Debug|Any CPU.Build.0 = Debug|Any CPU
		{7570089D-9905-4CF0-8F50-A888E33D9E91}.Release|Any CPU.ActiveCfg = Release|Any CPU
		{7570089D-9905-4CF0-8F50-A888E33D9E91}.Release|Any CPU.Build.0 = Release|Any CPU
		{70A67BC5-9695-42BA-9E1B-B7B3EF4F44BD}.Debug|Any CPU.ActiveCfg = Debug|Any CPU
		{70A67BC5-9695-42BA-9E1B-B7B3EF4F44BD}.Debug|Any CPU.Build.0 = Debug|Any CPU
		{70A67BC5-9695-42BA-9E1B-B7B3EF4F44BD}.Release|Any CPU.ActiveCfg = Release|Any CPU
		{70A67BC5-9695-42BA-9E1B-B7B3EF4F44BD}.Release|Any CPU.Build.0 = Release|Any CPU
	EndGlobalSection
	GlobalSection(SolutionProperties) = preSolution
		HideSolutionNode = FALSE
	EndGlobalSection
	GlobalSection(ExtensibilityGlobals) = postSolution
		SolutionGuid = {CBF1ED4B-67F8-48AC-8150-6AF42AAE3BF6}
	EndGlobalSection
EndGlobal
